
Microsoft Visual Studio Solution File, Format Version 12.00
# Visual Studio Version 17
VisualStudioVersion = 17.9.34728.123
MinimumVisualStudioVersion = 10.0.40219.1
Project("{FAE04EC0-301F-11D3-BF4B-00C04F79EFBC}") = "DESOFT.Server", "DESOFT.Server\DESOFT.Server.csproj", "{8B3BFEF6-7C8C-4369-9EF5-63D5BC6D6ECB}"
EndProject
Project("{54A90642-561A-4BB1-A94E-469ADEE60C69}") = "desoft.client", "desoft.client\desoft.client.esproj", "{8BE14167-B6D0-435F-8325-5E88E9C37B86}"
EndProject
Global
	GlobalSection(SolutionConfigurationPlatforms) = preSolution
		Debug|Any CPU = Debug|Any CPU
		Release|Any CPU = Release|Any CPU
	EndGlobalSection
	GlobalSection(ProjectConfigurationPlatforms) = postSolution
		{8B3BFEF6-7C8C-4369-9EF5-63D5BC6D6ECB}.Debug|Any CPU.ActiveCfg = Debug|Any CPU
		{8B3BFEF6-7C8C-4369-9EF5-63D5BC6D6ECB}.Debug|Any CPU.Build.0 = Debug|Any CPU
		{8B3BFEF6-7C8C-4369-9EF5-63D5BC6D6ECB}.Release|Any CPU.ActiveCfg = Release|Any CPU
		{8B3BFEF6-7C8C-4369-9EF5-63D5BC6D6ECB}.Release|Any CPU.Build.0 = Release|Any CPU
		{8BE14167-B6D0-435F-8325-5E88E9C37B86}.Debug|Any CPU.ActiveCfg = Debug|Any CPU
		{8BE14167-B6D0-435F-8325-5E88E9C37B86}.Debug|Any CPU.Build.0 = Debug|Any CPU
		{8BE14167-B6D0-435F-8325-5E88E9C37B86}.Debug|Any CPU.Deploy.0 = Debug|Any CPU
		{8BE14167-B6D0-435F-8325-5E88E9C37B86}.Release|Any CPU.ActiveCfg = Release|Any CPU
		{8BE14167-B6D0-435F-8325-5E88E9C37B86}.Release|Any CPU.Build.0 = Release|Any CPU
		{8BE14167-B6D0-435F-8325-5E88E9C37B86}.Release|Any CPU.Deploy.0 = Release|Any CPU
	EndGlobalSection
	GlobalSection(SolutionProperties) = preSolution
		HideSolutionNode = FALSE
	EndGlobalSection
	GlobalSection(ExtensibilityGlobals) = postSolution
		SolutionGuid = {EE6A4504-8C3D-46C2-BE0E-BF03AAB646DF}
	EndGlobalSection
EndGlobal
